# THIS IS AN AUTOGENERATED FILE. DO NOT EDIT THIS FILE DIRECTLY.
# yarn lockfile v1


node-fetch@^2.6.1:
  version "2.6.1"
  resolved "https://registry.yarnpkg.com/node-fetch/-/node-fetch-2.6.1.tgz#045bd323631f76ed2e2b55573394416b639a0052"
  integrity sha512-V4aYg89jEoVRxRb2fJdAg8FHvI7cEyYdVAh94HH0UIK8oJxUfkjlDQN9RbMx+bEjP7+ggMiFRprSti032Oipxw==

runtypes@^5.0.2:
  version "5.0.2"
  resolved "https://registry.yarnpkg.com/runtypes/-/runtypes-5.0.2.tgz#8c73395945b949e9825fc0552eb6125ffa8e5f6f"
  integrity sha512-nTxOwXAGBFmhDydzYaeHBcuMDf1bvn4PsisMmC+Lh03PppSBKkbPQ/MWiT2pp2UEyApBvfSvUhnwC5aWG5w0ng==
